
Microsoft Visual Studio Solution File, Format Version 12.00
# Visual Studio Version 17
VisualStudioVersion = 17.11.35327.3
MinimumVisualStudioVersion = 10.0.40219.1
Project("{FAE04EC0-301F-11D3-BF4B-00C04F79EFBC}") = "presntion_DVLD", "presntion_DVLD.csproj", "{E7B31FF2-A678-4DB0-90BE-FA41F28F5319}"
EndProject
Project("{FAE04EC0-301F-11D3-BF4B-00C04F79EFBC}") = "Business_DVLD", "..\Business_DVLD\Business_DVLD.csproj", "{614FB6BC-0028-4577-AD30-86DD10F152A4}"
EndProject
Project("{FAE04EC0-301F-11D3-BF4B-00C04F79EFBC}") = "DataAccess_DVLD", "..\DataAccess_DVLD\DataAccess_DVLD.csproj", "{ED27A7B3-9107-4E29-9F6B-3C4F151D6A30}"
EndProject
Global
	GlobalSection(SolutionConfigurationPlatforms) = preSolution
		Debug|Any CPU = Debug|Any CPU
		Release|Any CPU = Release|Any CPU
	EndGlobalSection
	GlobalSection(ProjectConfigurationPlatforms) = postSolution
		{E7B31FF2-A678-4DB0-90BE-FA41F28F5319}.Debug|Any CPU.ActiveCfg = Debug|Any CPU
		{E7B31FF2-A678-4DB0-90BE-FA41F28F5319}.Debug|Any CPU.Build.0 = Debug|Any CPU
		{E7B31FF2-A678-4DB0-90BE-FA41F28F5319}.Release|Any CPU.ActiveCfg = Release|Any CPU
		{E7B31FF2-A678-4DB0-90BE-FA41F28F5319}.Release|Any CPU.Build.0 = Release|Any CPU
		{614FB6BC-0028-4577-AD30-86DD10F152A4}.Debug|Any CPU.ActiveCfg = Debug|Any CPU
		{614FB6BC-0028-4577-AD30-86DD10F152A4}.Debug|Any CPU.Build.0 = Debug|Any CPU
		{614FB6BC-0028-4577-AD30-86DD10F152A4}.Release|Any CPU.ActiveCfg = Release|Any CPU
		{614FB6BC-0028-4577-AD30-86DD10F152A4}.Release|Any CPU.Build.0 = Release|Any CPU
		{ED27A7B3-9107-4E29-9F6B-3C4F151D6A30}.Debug|Any CPU.ActiveCfg = Debug|Any CPU
		{ED27A7B3-9107-4E29-9F6B-3C4F151D6A30}.Debug|Any CPU.Build.0 = Debug|Any CPU
		{ED27A7B3-9107-4E29-9F6B-3C4F151D6A30}.Release|Any CPU.ActiveCfg = Release|Any CPU
		{ED27A7B3-9107-4E29-9F6B-3C4F151D6A30}.Release|Any CPU.Build.0 = Release|Any CPU
	EndGlobalSection
	GlobalSection(SolutionProperties) = preSolution
		HideSolutionNode = FALSE
	EndGlobalSection
	GlobalSection(ExtensibilityGlobals) = postSolution
		SolutionGuid = {77A9FF1A-367B-4239-A3F0-13E7F44E0D4B}
	EndGlobalSection
EndGlobal
